
Microsoft Visual Studio Solution File, Format Version 12.00
# Visual Studio Version 16
VisualStudioVersion = 16.0.32228.343
MinimumVisualStudioVersion = 10.0.40219.1
Project("{9A19103F-16F7-4668-BE54-9A1E7A4F7556}") = "UCO.Models", "UCO.Models\UCO.Models.csproj", "{1E395A87-A859-44AD-A8B7-DDD88F7C3FE2}"
EndProject
Project("{9A19103F-16F7-4668-BE54-9A1E7A4F7556}") = "UCO.Data", "UCO.Data\UCO.Data.csproj", "{C8C3E014-8CB9-4077-968E-F456A4E71592}"
EndProject
Project("{9A19103F-16F7-4668-BE54-9A1E7A4F7556}") = "UCO.Api", "UCO.Api\UCO.Api.csproj", "{06E124E0-BBF1-4214-A087-200A46B932EA}"
EndProject
Global
	GlobalSection(SolutionConfigurationPlatforms) = preSolution
		Debug|Any CPU = Debug|Any CPU
		Release|Any CPU = Release|Any CPU
	EndGlobalSection
	GlobalSection(ProjectConfigurationPlatforms) = postSolution
		{1E395A87-A859-44AD-A8B7-DDD88F7C3FE2}.Debug|Any CPU.ActiveCfg = Debug|Any CPU
		{1E395A87-A859-44AD-A8B7-DDD88F7C3FE2}.Debug|Any CPU.Build.0 = Debug|Any CPU
		{1E395A87-A859-44AD-A8B7-DDD88F7C3FE2}.Release|Any CPU.ActiveCfg = Release|Any CPU
		{1E395A87-A859-44AD-A8B7-DDD88F7C3FE2}.Release|Any CPU.Build.0 = Release|Any CPU
		{C8C3E014-8CB9-4077-968E-F456A4E71592}.Debug|Any CPU.ActiveCfg = Debug|Any CPU
		{C8C3E014-8CB9-4077-968E-F456A4E71592}.Debug|Any CPU.Build.0 = Debug|Any CPU
		{C8C3E014-8CB9-4077-968E-F456A4E71592}.Release|Any CPU.ActiveCfg = Release|Any CPU
		{C8C3E014-8CB9-4077-968E-F456A4E71592}.Release|Any CPU.Build.0 = Release|Any CPU
		{06E124E0-BBF1-4214-A087-200A46B932EA}.Debug|Any CPU.ActiveCfg = Debug|Any CPU
		{06E124E0-BBF1-4214-A087-200A46B932EA}.Debug|Any CPU.Build.0 = Debug|Any CPU
		{06E124E0-BBF1-4214-A087-200A46B932EA}.Release|Any CPU.ActiveCfg = Release|Any CPU
		{06E124E0-BBF1-4214-A087-200A46B932EA}.Release|Any CPU.Build.0 = Release|Any CPU
	EndGlobalSection
	GlobalSection(SolutionProperties) = preSolution
		HideSolutionNode = FALSE
	EndGlobalSection
	GlobalSection(ExtensibilityGlobals) = postSolution
		SolutionGuid = {289B0782-526E-40F7-9F14-6D8179121152}
	EndGlobalSection
EndGlobal
